// !$*UTF8*$!
{
	archiveVersion = 1;
	classes = {
	};
	objectVersion = 48;
	objects = {

/* Begin PBXBuildFile section */
		60FB27E72033B9A600469F27 /* SDL2_image.framework in Frameworks */ = {isa = PBXBuildFile; fileRef = 60FB27E62033B9A600469F27 /* SDL2_image.framework */; };
		60FB27EA2036740A00469F27 /* SDL2_mixer.framework in Frameworks */ = {isa = PBXBuildFile; fileRef = 60FB27E82036640C00469F27 /* SDL2_mixer.framework */; };
		60FB27EB2036772B00469F27 /* SDL2.framework in Frameworks */ = {isa = PBXBuildFile; fileRef = FAF9B59D203298040019E75C /* SDL2.framework */; };
		60FB28032036A83600469F27 /* keyHandler.cpp in Sources */ = {isa = PBXBuildFile; fileRef = 60FB27FF2036A83600469F27 /* keyHandler.cpp */; };
		60FB28042036A83600469F27 /* state.cpp in Sources */ = {isa = PBXBuildFile; fileRef = 60FB28002036A83600469F27 /* state.cpp */; };
		60FB28052036A83600469F27 /* app.cpp in Sources */ = {isa = PBXBuildFile; fileRef = 60FB28012036A83600469F27 /* app.cpp */; };
		60FB28062036A83600469F27 /* Layout.cpp in Sources */ = {isa = PBXBuildFile; fileRef = 60FB28022036A83600469F27 /* Layout.cpp */; };
		60FB280D2036AFBB00469F27 /* main.cpp in Sources */ = {isa = PBXBuildFile; fileRef = 60FB280C2036AFBB00469F27 /* main.cpp */; };
		FAF9B59E203298040019E75C /* SDL2_ttf.framework in Frameworks */ = {isa = PBXBuildFile; fileRef = FAF9B59C203298040019E75C /* SDL2_ttf.framework */; };
/* End PBXBuildFile section */

/* Begin PBXCopyFilesBuildPhase section */
		FAF9B580203296C90019E75C /* CopyFiles */ = {
			isa = PBXCopyFilesBuildPhase;
			buildActionMask = 2147483647;
			dstPath = /usr/share/man/man1/;
			dstSubfolderSpec = 0;
			files = (
			);
			runOnlyForDeploymentPostprocessing = 1;
		};
/* End PBXCopyFilesBuildPhase section */

/* Begin PBXFileReference section */
		60FB27E62033B9A600469F27 /* SDL2_image.framework */ = {isa = PBXFileReference; lastKnownFileType = wrapper.framework; name = SDL2_image.framework; path = ../../../../../Library/Frameworks/SDL2_image.framework; sourceTree = "<group>"; };
		60FB27E82036640C00469F27 /* SDL2_mixer.framework */ = {isa = PBXFileReference; lastKnownFileType = wrapper.framework; name = SDL2_mixer.framework; path = ../../../../../Library/Frameworks/SDL2_mixer.framework; sourceTree = "<group>"; };
		60FB27ED20368B2D00469F27 /* audio */ = {isa = PBXFileReference; lastKnownFileType = folder; path = audio; sourceTree = "<group>"; };
		60FB27EE20368B2D00469F27 /* fonts */ = {isa = PBXFileReference; lastKnownFileType = folder; path = fonts; sourceTree = "<group>"; };
		60FB27EF20368B2D00469F27 /* images */ = {isa = PBXFileReference; lastKnownFileType = folder; path = images; sourceTree = "<group>"; };
		60FB27F020368B2D00469F27 /* maps */ = {isa = PBXFileReference; lastKnownFileType = folder; path = maps; sourceTree = "<group>"; };
		60FB27FF2036A83600469F27 /* keyHandler.cpp */ = {isa = PBXFileReference; fileEncoding = 4; lastKnownFileType = sourcecode.cpp.cpp; path = keyHandler.cpp; sourceTree = "<group>"; };
		60FB28002036A83600469F27 /* state.cpp */ = {isa = PBXFileReference; fileEncoding = 4; lastKnownFileType = sourcecode.cpp.cpp; path = state.cpp; sourceTree = "<group>"; };
		60FB28012036A83600469F27 /* app.cpp */ = {isa = PBXFileReference; fileEncoding = 4; lastKnownFileType = sourcecode.cpp.cpp; path = app.cpp; sourceTree = "<group>"; };
		60FB28022036A83600469F27 /* Layout.cpp */ = {isa = PBXFileReference; fileEncoding = 4; lastKnownFileType = sourcecode.cpp.cpp; path = Layout.cpp; sourceTree = "<group>"; };
		60FB28082036AD8400469F27 /* Layout.hpp */ = {isa = PBXFileReference; fileEncoding = 4; lastKnownFileType = sourcecode.cpp.h; name = Layout.hpp; path = include/Layout.hpp; sourceTree = "<group>"; };
		60FB28092036AD8400469F27 /* keyHandler.hpp */ = {isa = PBXFileReference; fileEncoding = 4; lastKnownFileType = sourcecode.cpp.h; name = keyHandler.hpp; path = include/keyHandler.hpp; sourceTree = "<group>"; };
		60FB280A2036AD8400469F27 /* state.hpp */ = {isa = PBXFileReference; fileEncoding = 4; lastKnownFileType = sourcecode.cpp.h; name = state.hpp; path = include/state.hpp; sourceTree = "<group>"; };
		60FB280B2036AD8400469F27 /* app.hpp */ = {isa = PBXFileReference; fileEncoding = 4; lastKnownFileType = sourcecode.cpp.h; name = app.hpp; path = include/app.hpp; sourceTree = "<group>"; };
		60FB280C2036AFBB00469F27 /* main.cpp */ = {isa = PBXFileReference; fileEncoding = 4; lastKnownFileType = sourcecode.cpp.cpp; path = main.cpp; sourceTree = "<group>"; };
		60FB280E2036B23800469F27 /* README.md */ = {isa = PBXFileReference; fileEncoding = 4; lastKnownFileType = net.daringfireball.markdown; path = README.md; sourceTree = "<group>"; };
		FA4035D62036583E00C771B7 /* audio */ = {isa = PBXFileReference; lastKnownFileType = folder; path = audio; sourceTree = "<group>"; };
		FAF9B582203296C90019E75C /* AmAzing */ = {isa = PBXFileReference; explicitFileType = "compiled.mach-o.executable"; includeInIndex = 0; path = AmAzing; sourceTree = BUILT_PRODUCTS_DIR; };
		FAF9B59C203298040019E75C /* SDL2_ttf.framework */ = {isa = PBXFileReference; lastKnownFileType = wrapper.framework; name = SDL2_ttf.framework; path = ../../../../../Library/Frameworks/SDL2_ttf.framework; sourceTree = "<group>"; };
		FAF9B59D203298040019E75C /* SDL2.framework */ = {isa = PBXFileReference; lastKnownFileType = wrapper.framework; name = SDL2.framework; path = ../../../../../Library/Frameworks/SDL2.framework; sourceTree = "<group>"; };
		FAF9FFDA2033A926006527B3 /* images */ = {isa = PBXFileReference; lastKnownFileType = folder; path = images; sourceTree = "<group>"; };
/* End PBXFileReference section */

/* Begin PBXFrameworksBuildPhase section */
		FAF9B57F203296C90019E75C /* Frameworks */ = {
			isa = PBXFrameworksBuildPhase;
			buildActionMask = 2147483647;
			files = (
				60FB27EB2036772B00469F27 /* SDL2.framework in Frameworks */,
				60FB27EA2036740A00469F27 /* SDL2_mixer.framework in Frameworks */,
				60FB27E72033B9A600469F27 /* SDL2_image.framework in Frameworks */,
				FAF9B59E203298040019E75C /* SDL2_ttf.framework in Frameworks */,
			);
			runOnlyForDeploymentPostprocessing = 0;
		};
/* End PBXFrameworksBuildPhase section */

/* Begin PBXGroup section */
		60FB27F52036A6F100469F27 /* src */ = {
			isa = PBXGroup;
			children = (
				60FB28012036A83600469F27 /* app.cpp */,
				60FB27FF2036A83600469F27 /* keyHandler.cpp */,
				60FB28022036A83600469F27 /* Layout.cpp */,
				60FB28002036A83600469F27 /* state.cpp */,
			);
			path = src;
			sourceTree = "<group>";
		};
		60FB28072036AD6200469F27 /* include */ = {
			isa = PBXGroup;
			children = (
				60FB280B2036AD8400469F27 /* app.hpp */,
				60FB28092036AD8400469F27 /* keyHandler.hpp */,
				60FB28082036AD8400469F27 /* Layout.hpp */,
				60FB280A2036AD8400469F27 /* state.hpp */,
			);
			name = include;
			sourceTree = "<group>";
		};
		FAF9B579203296C90019E75C = {
			isa = PBXGroup;
			children = (
				60FB280E2036B23800469F27 /* README.md */,
				FAF9B584203296C90019E75C /* AmAzing */,
				FAF9B583203296C90019E75C /* Products */,
				FAF9B59B203298030019E75C /* Frameworks */,
			);
			sourceTree = "<group>";
		};
		FAF9B583203296C90019E75C /* Products */ = {
			isa = PBXGroup;
			children = (
				FAF9B582203296C90019E75C /* AmAzing */,
			);
			name = Products;
			sourceTree = "<group>";
		};
		FAF9B584203296C90019E75C /* AmAzing */ = {
			isa = PBXGroup;
			children = (
				60FB280C2036AFBB00469F27 /* main.cpp */,
				60FB28072036AD6200469F27 /* include */,
				60FB27F52036A6F100469F27 /* src */,
				FA4035D62036583E00C771B7 /* audio */,
				FAF9FFDA2033A926006527B3 /* images */,
				60FB27ED20368B2D00469F27 /* audio */,
				60FB27EE20368B2D00469F27 /* fonts */,
				60FB27EF20368B2D00469F27 /* images */,
				60FB27F020368B2D00469F27 /* maps */,
			);
			path = AmAzing;
			sourceTree = "<group>";
		};
		FAF9B59B203298030019E75C /* Frameworks */ = {
			isa = PBXGroup;
			children = (
				60FB27E82036640C00469F27 /* SDL2_mixer.framework */,
				60FB27E62033B9A600469F27 /* SDL2_image.framework */,
				FAF9B59C203298040019E75C /* SDL2_ttf.framework */,
				FAF9B59D203298040019E75C /* SDL2.framework */,
			);
			name = Frameworks;
			sourceTree = "<group>";
		};
/* End PBXGroup section */

/* Begin PBXNativeTarget section */
		FAF9B581203296C90019E75C /* AmAzing */ = {
			isa = PBXNativeTarget;
			buildConfigurationList = FAF9B589203296C90019E75C /* Build configuration list for PBXNativeTarget "AmAzing" */;
			buildPhases = (
				FAF9B57E203296C90019E75C /* Sources */,
				FAF9B57F203296C90019E75C /* Frameworks */,
				FAF9B580203296C90019E75C /* CopyFiles */,
			);
			buildRules = (
			);
			dependencies = (
			);
			name = AmAzing;
			productName = AmAzing;
			productReference = FAF9B582203296C90019E75C /* AmAzing */;
			productType = "com.apple.product-type.tool";
		};
/* End PBXNativeTarget section */

/* Begin PBXProject section */
		FAF9B57A203296C90019E75C /* Project object */ = {
			isa = PBXProject;
			attributes = {
				LastUpgradeCheck = 0920;
				ORGANIZATIONNAME = "Alexa and Andrew";
				TargetAttributes = {
					FAF9B581203296C90019E75C = {
						CreatedOnToolsVersion = 9.2;
						ProvisioningStyle = Automatic;
					};
				};
			};
			buildConfigurationList = FAF9B57D203296C90019E75C /* Build configuration list for PBXProject "AmAzing" */;
			compatibilityVersion = "Xcode 8.0";
			developmentRegion = en;
			hasScannedForEncodings = 0;
			knownRegions = (
				en,
			);
			mainGroup = FAF9B579203296C90019E75C;
			productRefGroup = FAF9B583203296C90019E75C /* Products */;
			projectDirPath = "";
			projectRoot = "";
			targets = (
				FAF9B581203296C90019E75C /* AmAzing */,
			);
		};
/* End PBXProject section */

/* Begin PBXSourcesBuildPhase section */
		FAF9B57E203296C90019E75C /* Sources */ = {
			isa = PBXSourcesBuildPhase;
			buildActionMask = 2147483647;
			files = (
				60FB28062036A83600469F27 /* Layout.cpp in Sources */,
				60FB28052036A83600469F27 /* app.cpp in Sources */,
				60FB28042036A83600469F27 /* state.cpp in Sources */,
				60FB280D2036AFBB00469F27 /* main.cpp in Sources */,
				60FB28032036A83600469F27 /* keyHandler.cpp in Sources */,
			);
			runOnlyForDeploymentPostprocessing = 0;
		};
/* End PBXSourcesBuildPhase section */

/* Begin XCBuildConfiguration section */
		FAF9B587203296C90019E75C /* Debug */ = {
			isa = XCBuildConfiguration;
			buildSettings = {
				ALWAYS_SEARCH_USER_PATHS = NO;
				CLANG_ANALYZER_NONNULL = YES;
				CLANG_ANALYZER_NUMBER_OBJECT_CONVERSION = YES_AGGRESSIVE;
				CLANG_CXX_LANGUAGE_STANDARD = "gnu++14";
				CLANG_CXX_LIBRARY = "libc++";
				CLANG_ENABLE_MODULES = YES;
				CLANG_ENABLE_OBJC_ARC = YES;
				CLANG_WARN_BLOCK_CAPTURE_AUTORELEASING = YES;
				CLANG_WARN_BOOL_CONVERSION = YES;
				CLANG_WARN_COMMA = YES;
				CLANG_WARN_CONSTANT_CONVERSION = YES;
				CLANG_WARN_DIRECT_OBJC_ISA_USAGE = YES_ERROR;
				CLANG_WARN_DOCUMENTATION_COMMENTS = YES;
				CLANG_WARN_EMPTY_BODY = YES;
				CLANG_WARN_ENUM_CONVERSION = YES;
				CLANG_WARN_INFINITE_RECURSION = YES;
				CLANG_WARN_INT_CONVERSION = YES;
				CLANG_WARN_NON_LITERAL_NULL_CONVERSION = YES;
				CLANG_WARN_OBJC_LITERAL_CONVERSION = YES;
				CLANG_WARN_OBJC_ROOT_CLASS = YES_ERROR;
				CLANG_WARN_RANGE_LOOP_ANALYSIS = YES;
				CLANG_WARN_STRICT_PROTOTYPES = YES;
				CLANG_WARN_SUSPICIOUS_MOVE = YES;
				CLANG_WARN_UNGUARDED_AVAILABILITY = YES_AGGRESSIVE;
				CLANG_WARN_UNREACHABLE_CODE = YES;
				CLANG_WARN__DUPLICATE_METHOD_MATCH = YES;
				CODE_SIGN_IDENTITY = "-";
				COPY_PHASE_STRIP = NO;
				DEBUG_INFORMATION_FORMAT = dwarf;
				ENABLE_STRICT_OBJC_MSGSEND = YES;
				ENABLE_TESTABILITY = YES;
				GCC_C_LANGUAGE_STANDARD = gnu11;
				GCC_DYNAMIC_NO_PIC = NO;
				GCC_NO_COMMON_BLOCKS = YES;
				GCC_OPTIMIZATION_LEVEL = 0;
				GCC_PREPROCESSOR_DEFINITIONS = (
					"DEBUG=1",
					"$(inherited)",
				);
				GCC_WARN_64_TO_32_BIT_CONVERSION = YES;
				GCC_WARN_ABOUT_RETURN_TYPE = YES_ERROR;
				GCC_WARN_UNDECLARED_SELECTOR = YES;
				GCC_WARN_UNINITIALIZED_AUTOS = YES_AGGRESSIVE;
				GCC_WARN_UNUSED_FUNCTION = YES;
				GCC_WARN_UNUSED_VARIABLE = YES;
				MACOSX_DEPLOYMENT_TARGET = 10.13;
				MTL_ENABLE_DEBUG_INFO = YES;
				ONLY_ACTIVE_ARCH = YES;
				SDKROOT = macosx;
			};
			name = Debug;
		};
		FAF9B588203296C90019E75C /* Release */ = {
			isa = XCBuildConfiguration;
			buildSettings = {
				ALWAYS_SEARCH_USER_PATHS = NO;
				CLANG_ANALYZER_NONNULL = YES;
				CLANG_ANALYZER_NUMBER_OBJECT_CONVERSION = YES_AGGRESSIVE;
				CLANG_CXX_LANGUAGE_STANDARD = "gnu++14";
				CLANG_CXX_LIBRARY = "libc++";
				CLANG_ENABLE_MODULES = YES;
				CLANG_ENABLE_OBJC_ARC = YES;
				CLANG_WARN_BLOCK_CAPTURE_AUTORELEASING = YES;
				CLANG_WARN_BOOL_CONVERSION = YES;
				CLANG_WARN_COMMA = YES;
				CLANG_WARN_CONSTANT_CONVERSION = YES;
				CLANG_WARN_DIRECT_OBJC_ISA_USAGE = YES_ERROR;
				CLANG_WARN_DOCUMENTATION_COMMENTS = YES;
				CLANG_WARN_EMPTY_BODY = YES;
				CLANG_WARN_ENUM_CONVERSION = YES;
				CLANG_WARN_INFINITE_RECURSION = YES;
				CLANG_WARN_INT_CONVERSION = YES;
				CLANG_WARN_NON_LITERAL_NULL_CONVERSION = YES;
				CLANG_WARN_OBJC_LITERAL_CONVERSION = YES;
				CLANG_WARN_OBJC_ROOT_CLASS = YES_ERROR;
				CLANG_WARN_RANGE_LOOP_ANALYSIS = YES;
				CLANG_WARN_STRICT_PROTOTYPES = YES;
				CLANG_WARN_SUSPICIOUS_MOVE = YES;
				CLANG_WARN_UNGUARDED_AVAILABILITY = YES_AGGRESSIVE;
				CLANG_WARN_UNREACHABLE_CODE = YES;
				CLANG_WARN__DUPLICATE_METHOD_MATCH = YES;
				CODE_SIGN_IDENTITY = "-";
				COPY_PHASE_STRIP = NO;
				DEBUG_INFORMATION_FORMAT = "dwarf-with-dsym";
				ENABLE_NS_ASSERTIONS = NO;
				ENABLE_STRICT_OBJC_MSGSEND = YES;
				GCC_C_LANGUAGE_STANDARD = gnu11;
				GCC_NO_COMMON_BLOCKS = YES;
				GCC_WARN_64_TO_32_BIT_CONVERSION = YES;
				GCC_WARN_ABOUT_RETURN_TYPE = YES_ERROR;
				GCC_WARN_UNDECLARED_SELECTOR = YES;
				GCC_WARN_UNINITIALIZED_AUTOS = YES_AGGRESSIVE;
				GCC_WARN_UNUSED_FUNCTION = YES;
				GCC_WARN_UNUSED_VARIABLE = YES;
				MACOSX_DEPLOYMENT_TARGET = 10.13;
				MTL_ENABLE_DEBUG_INFO = NO;
				SDKROOT = macosx;
			};
			name = Release;
		};
		FAF9B58A203296C90019E75C /* Debug */ = {
			isa = XCBuildConfiguration;
			buildSettings = {
				CODE_SIGN_STYLE = Automatic;
				FRAMEWORK_SEARCH_PATHS = (
					"$(inherited)",
					"$(LOCAL_LIBRARY_DIR)/Frameworks",
				);
				HEADER_SEARCH_PATHS = "/usr//local/Cellar/eigen/3.3.4/include/eigen3/Eigen";
				PRODUCT_NAME = "$(TARGET_NAME)";
			};
			name = Debug;
		};
		FAF9B58B203296C90019E75C /* Release */ = {
			isa = XCBuildConfiguration;
			buildSettings = {
				CODE_SIGN_STYLE = Automatic;
				FRAMEWORK_SEARCH_PATHS = (
					"$(inherited)",
					"$(LOCAL_LIBRARY_DIR)/Frameworks",
				);
				HEADER_SEARCH_PATHS = "/usr//local/Cellar/eigen/3.3.4/include/eigen3/Eigen";
				PRODUCT_NAME = "$(TARGET_NAME)";
			};
			name = Release;
		};
/* End XCBuildConfiguration section */

/* Begin XCConfigurationList section */
		FAF9B57D203296C90019E75C /* Build configuration list for PBXProject "AmAzing" */ = {
			isa = XCConfigurationList;
			buildConfigurations = (
				FAF9B587203296C90019E75C /* Debug */,
				FAF9B588203296C90019E75C /* Release */,
			);
			defaultConfigurationIsVisible = 0;
			defaultConfigurationName = Release;
		};
		FAF9B589203296C90019E75C /* Build configuration list for PBXNativeTarget "AmAzing" */ = {
			isa = XCConfigurationList;
			buildConfigurations = (
				FAF9B58A203296C90019E75C /* Debug */,
				FAF9B58B203296C90019E75C /* Release */,
			);
			defaultConfigurationIsVisible = 0;
			defaultConfigurationName = Release;
		};
/* End XCConfigurationList section */
	};
	rootObject = FAF9B57A203296C90019E75C /* Project object */;
}
